github.com/carlmjohnson/pomodoro v0.21.1 h1:/CPr2x5aAEXiTW/fsWo2DiU5SAlgV4B7qRYT6gd0+xA=
github.com/carlmjohnson/pomodoro v0.21.1/go.mod h1:fXs09LAefFH0St/Q+muPf4rnc0135l0+8UwhmkGlfOM=
github.com/dbatbold/beep v1.0.1 h1:hcCPZenFTLl0C9i+irSVLy6sCtmBFX2nfJxAqHlKGLU=
github.com/dbatbold/beep v1.0.1/go.mod h1:nCYglCMeZFCH+ufNXeSjJ5JXN69g8gTPKmCLFBt5zL4=
github.com/mattn/go-runewidth v0.0.9 h1:Lm995f3rfxdpd6TSmuVCHVb/QhupuXlYr8sCI/QdE+0=
github.com/mattn/go-runewidth v0.0.9/go.mod h1:H031xJmbD/WCDINGzjvQ9THkh0rPKHF+m2gUSrubnMI=
github.com/nsf/termbox-go v1.1.0/go.mod h1:T0cTdVuOwf7pHQNtfhnEbzHbcNyCEcVU4YPpouCbVxo=
github.com/nsf/termbox-go v1.1.1 h1:nksUPLCb73Q++DwbYUBEglYBRPZyoXJdrj5L+TkjyZY=
github.com/nsf/termbox-go v1.1.1/go.mod h1:T0cTdVuOwf7pHQNtfhnEbzHbcNyCEcVU4YPpouCbVxo=
